// !$*UTF8*$!
{
	archiveVersion = 1;
	classes = {
	};
	objectVersion = 46;
	objects = {

/* Begin PBXBuildFile section */
		BD1DF04C1DDF8FBF00BB9C6F /* TimeSignatureViewController.swift in Sources */ = {isa = PBXBuildFile; fileRef = BD1DF04B1DDF8FBF00BB9C6F /* TimeSignatureViewController.swift */; };
		BD5C32531DDF974B007F7A92 /* KeySignatureViewController.swift in Sources */ = {isa = PBXBuildFile; fileRef = BD5C32521DDF974B007F7A92 /* KeySignatureViewController.swift */; };
		BD5C32551DDFD4ED007F7A92 /* Constants.swift in Sources */ = {isa = PBXBuildFile; fileRef = BD5C32541DDFD4ED007F7A92 /* Constants.swift */; };
		BD5C32591DDFDA61007F7A92 /* StaffView.swift in Sources */ = {isa = PBXBuildFile; fileRef = BD5C32581DDFDA61007F7A92 /* StaffView.swift */; };
		BD5C325B1DE23BC0007F7A92 /* Note.swift in Sources */ = {isa = PBXBuildFile; fileRef = BD5C325A1DE23BC0007F7A92 /* Note.swift */; };
		BD81262C1DE4DBB000BDE1CC /* NoteGestureRecognizer.swift in Sources */ = {isa = PBXBuildFile; fileRef = BD81262B1DE4DBB000BDE1CC /* NoteGestureRecognizer.swift */; };
		BD8F24711DDB9BE800BE94E9 /* InstructionsViewController.swift in Sources */ = {isa = PBXBuildFile; fileRef = BD8F24701DDB9BE800BE94E9 /* InstructionsViewController.swift */; };
		BD8F24741DDBA06600BE94E9 /* ComposeViewController.swift in Sources */ = {isa = PBXBuildFile; fileRef = BD8F24731DDBA06600BE94E9 /* ComposeViewController.swift */; };
		BDA672171DDA6F740003938F /* AppDelegate.swift in Sources */ = {isa = PBXBuildFile; fileRef = BDA672161DDA6F740003938F /* AppDelegate.swift */; };
		BDA6721C1DDA6F740003938F /* Main.storyboard in Resources */ = {isa = PBXBuildFile; fileRef = BDA6721A1DDA6F740003938F /* Main.storyboard */; };
		BDA6721F1DDA6F740003938F /* Allegro.xcdatamodeld in Sources */ = {isa = PBXBuildFile; fileRef = BDA6721D1DDA6F740003938F /* Allegro.xcdatamodeld */; };
		BDA672211DDA6F740003938F /* Assets.xcassets in Resources */ = {isa = PBXBuildFile; fileRef = BDA672201DDA6F740003938F /* Assets.xcassets */; };
		BDA672241DDA6F740003938F /* LaunchScreen.storyboard in Resources */ = {isa = PBXBuildFile; fileRef = BDA672221DDA6F740003938F /* LaunchScreen.storyboard */; };
		BDA672321DDA7CBA0003938F /* HomeViewController.swift in Sources */ = {isa = PBXBuildFile; fileRef = BDA672311DDA7CBA0003938F /* HomeViewController.swift */; };
/* End PBXBuildFile section */

/* Begin PBXFileReference section */
		BD1DF04B1DDF8FBF00BB9C6F /* TimeSignatureViewController.swift */ = {isa = PBXFileReference; fileEncoding = 4; lastKnownFileType = sourcecode.swift; path = TimeSignatureViewController.swift; sourceTree = "<group>"; };
		BD5C32521DDF974B007F7A92 /* KeySignatureViewController.swift */ = {isa = PBXFileReference; fileEncoding = 4; lastKnownFileType = sourcecode.swift; path = KeySignatureViewController.swift; sourceTree = "<group>"; };
		BD5C32541DDFD4ED007F7A92 /* Constants.swift */ = {isa = PBXFileReference; fileEncoding = 4; lastKnownFileType = sourcecode.swift; path = Constants.swift; sourceTree = "<group>"; };
		BD5C32581DDFDA61007F7A92 /* StaffView.swift */ = {isa = PBXFileReference; fileEncoding = 4; lastKnownFileType = sourcecode.swift; name = StaffView.swift; path = ../StaffView.swift; sourceTree = "<group>"; };
		BD5C325A1DE23BC0007F7A92 /* Note.swift */ = {isa = PBXFileReference; fileEncoding = 4; lastKnownFileType = sourcecode.swift; name = Note.swift; path = ../Note.swift; sourceTree = "<group>"; };
		BD81262B1DE4DBB000BDE1CC /* NoteGestureRecognizer.swift */ = {isa = PBXFileReference; fileEncoding = 4; lastKnownFileType = sourcecode.swift; path = NoteGestureRecognizer.swift; sourceTree = "<group>"; };
		BD8F24701DDB9BE800BE94E9 /* InstructionsViewController.swift */ = {isa = PBXFileReference; fileEncoding = 4; lastKnownFileType = sourcecode.swift; path = InstructionsViewController.swift; sourceTree = "<group>"; };
		BD8F24731DDBA06600BE94E9 /* ComposeViewController.swift */ = {isa = PBXFileReference; fileEncoding = 4; lastKnownFileType = sourcecode.swift; path = ComposeViewController.swift; sourceTree = "<group>"; };
		BDA672131DDA6F740003938F /* Allegro.app */ = {isa = PBXFileReference; explicitFileType = wrapper.application; includeInIndex = 0; path = Allegro.app; sourceTree = BUILT_PRODUCTS_DIR; };
		BDA672161DDA6F740003938F /* AppDelegate.swift */ = {isa = PBXFileReference; lastKnownFileType = sourcecode.swift; path = AppDelegate.swift; sourceTree = "<group>"; };
		BDA6721B1DDA6F740003938F /* Base */ = {isa = PBXFileReference; lastKnownFileType = file.storyboard; name = Base; path = Base.lproj/Main.storyboard; sourceTree = "<group>"; };
		BDA6721E1DDA6F740003938F /* Allegro.xcdatamodel */ = {isa = PBXFileReference; lastKnownFileType = wrapper.xcdatamodel; path = Allegro.xcdatamodel; sourceTree = "<group>"; };
		BDA672201DDA6F740003938F /* Assets.xcassets */ = {isa = PBXFileReference; lastKnownFileType = folder.assetcatalog; path = Assets.xcassets; sourceTree = "<group>"; };
		BDA672231DDA6F740003938F /* Base */ = {isa = PBXFileReference; lastKnownFileType = file.storyboard; name = Base; path = Base.lproj/LaunchScreen.storyboard; sourceTree = "<group>"; };
		BDA672251DDA6F740003938F /* Info.plist */ = {isa = PBXFileReference; lastKnownFileType = text.plist.xml; path = Info.plist; sourceTree = "<group>"; };
		BDA672311DDA7CBA0003938F /* HomeViewController.swift */ = {isa = PBXFileReference; fileEncoding = 4; lastKnownFileType = sourcecode.swift; name = HomeViewController.swift; path = ../HomeViewController.swift; sourceTree = "<group>"; };
/* End PBXFileReference section */

/* Begin PBXFrameworksBuildPhase section */
		BDA672101DDA6F740003938F /* Frameworks */ = {
			isa = PBXFrameworksBuildPhase;
			buildActionMask = 2147483647;
			files = (
			);
			runOnlyForDeploymentPostprocessing = 0;
		};
/* End PBXFrameworksBuildPhase section */

/* Begin PBXGroup section */
		BD81262D1DE4DBB300BDE1CC /* Gesture Recognizers */ = {
			isa = PBXGroup;
			children = (
				BD81262B1DE4DBB000BDE1CC /* NoteGestureRecognizer.swift */,
			);
			name = "Gesture Recognizers";
			sourceTree = "<group>";
		};
		BD81262E1DE4DBBE00BDE1CC /* View Controllers */ = {
			isa = PBXGroup;
			children = (
				BDA672311DDA7CBA0003938F /* HomeViewController.swift */,
				BD8F24701DDB9BE800BE94E9 /* InstructionsViewController.swift */,
				BD8F24731DDBA06600BE94E9 /* ComposeViewController.swift */,
				BD1DF04B1DDF8FBF00BB9C6F /* TimeSignatureViewController.swift */,
				BD5C32521DDF974B007F7A92 /* KeySignatureViewController.swift */,
			);
			name = "View Controllers";
			sourceTree = "<group>";
		};
		BD81262F1DE4DBC800BDE1CC /* Swift Classes */ = {
			isa = PBXGroup;
			children = (
				BD5C325A1DE23BC0007F7A92 /* Note.swift */,
				BD5C32541DDFD4ED007F7A92 /* Constants.swift */,
			);
			name = "Swift Classes";
			sourceTree = "<group>";
		};
		BD8126301DE4DBCD00BDE1CC /* Views */ = {
			isa = PBXGroup;
			children = (
				BD5C32581DDFDA61007F7A92 /* StaffView.swift */,
			);
			name = Views;
			sourceTree = "<group>";
		};
		BD8F24721DDB9BF900BE94E9 /* Supporting Files */ = {
			isa = PBXGroup;
			children = (
				BDA672161DDA6F740003938F /* AppDelegate.swift */,
				BDA672221DDA6F740003938F /* LaunchScreen.storyboard */,
				BDA672251DDA6F740003938F /* Info.plist */,
				BDA6721D1DDA6F740003938F /* Allegro.xcdatamodeld */,
			);
			name = "Supporting Files";
			sourceTree = "<group>";
		};
		BDA6720A1DDA6F740003938F = {
			isa = PBXGroup;
			children = (
				BDA672151DDA6F740003938F /* Allegro */,
				BDA672141DDA6F740003938F /* Products */,
			);
			sourceTree = "<group>";
		};
		BDA672141DDA6F740003938F /* Products */ = {
			isa = PBXGroup;
			children = (
				BDA672131DDA6F740003938F /* Allegro.app */,
			);
			name = Products;
			sourceTree = "<group>";
		};
		BDA672151DDA6F740003938F /* Allegro */ = {
			isa = PBXGroup;
			children = (
				BD8F24721DDB9BF900BE94E9 /* Supporting Files */,
				BD81262E1DE4DBBE00BDE1CC /* View Controllers */,
				BDA6721A1DDA6F740003938F /* Main.storyboard */,
				BD8126301DE4DBCD00BDE1CC /* Views */,
				BD81262D1DE4DBB300BDE1CC /* Gesture Recognizers */,
				BD81262F1DE4DBC800BDE1CC /* Swift Classes */,
				BDA672201DDA6F740003938F /* Assets.xcassets */,
			);
			path = Allegro;
			sourceTree = "<group>";
		};
/* End PBXGroup section */

/* Begin PBXNativeTarget section */
		BDA672121DDA6F740003938F /* Allegro */ = {
			isa = PBXNativeTarget;
			buildConfigurationList = BDA672281DDA6F740003938F /* Build configuration list for PBXNativeTarget "Allegro" */;
			buildPhases = (
				BDA6720F1DDA6F740003938F /* Sources */,
				BDA672101DDA6F740003938F /* Frameworks */,
				BDA672111DDA6F740003938F /* Resources */,
			);
			buildRules = (
			);
			dependencies = (
			);
			name = Allegro;
			productName = Allegro;
			productReference = BDA672131DDA6F740003938F /* Allegro.app */;
			productType = "com.apple.product-type.application";
		};
/* End PBXNativeTarget section */

/* Begin PBXProject section */
		BDA6720B1DDA6F740003938F /* Project object */ = {
			isa = PBXProject;
			attributes = {
				LastSwiftUpdateCheck = 0730;
				LastUpgradeCheck = 0730;
				ORGANIZATIONNAME = "Amy Bearman";
				TargetAttributes = {
					BDA672121DDA6F740003938F = {
						CreatedOnToolsVersion = 7.3.1;
						DevelopmentTeam = VWRC5P7XXF;
						LastSwiftMigration = 0810;
					};
				};
			};
			buildConfigurationList = BDA6720E1DDA6F740003938F /* Build configuration list for PBXProject "Allegro" */;
			compatibilityVersion = "Xcode 3.2";
			developmentRegion = English;
			hasScannedForEncodings = 0;
			knownRegions = (
				en,
				Base,
			);
			mainGroup = BDA6720A1DDA6F740003938F;
			productRefGroup = BDA672141DDA6F740003938F /* Products */;
			projectDirPath = "";
			projectRoot = "";
			targets = (
				BDA672121DDA6F740003938F /* Allegro */,
			);
		};
/* End PBXProject section */

/* Begin PBXResourcesBuildPhase section */
		BDA672111DDA6F740003938F /* Resources */ = {
			isa = PBXResourcesBuildPhase;
			buildActionMask = 2147483647;
			files = (
				BDA672241DDA6F740003938F /* LaunchScreen.storyboard in Resources */,
				BDA672211DDA6F740003938F /* Assets.xcassets in Resources */,
				BDA6721C1DDA6F740003938F /* Main.storyboard in Resources */,
			);
			runOnlyForDeploymentPostprocessing = 0;
		};
/* End PBXResourcesBuildPhase section */

/* Begin PBXSourcesBuildPhase section */
		BDA6720F1DDA6F740003938F /* Sources */ = {
			isa = PBXSourcesBuildPhase;
			buildActionMask = 2147483647;
			files = (
				BD5C32591DDFDA61007F7A92 /* StaffView.swift in Sources */,
				BD8F24741DDBA06600BE94E9 /* ComposeViewController.swift in Sources */,
				BDA6721F1DDA6F740003938F /* Allegro.xcdatamodeld in Sources */,
				BD81262C1DE4DBB000BDE1CC /* NoteGestureRecognizer.swift in Sources */,
				BD1DF04C1DDF8FBF00BB9C6F /* TimeSignatureViewController.swift in Sources */,
				BDA672171DDA6F740003938F /* AppDelegate.swift in Sources */,
				BD5C325B1DE23BC0007F7A92 /* Note.swift in Sources */,
				BDA672321DDA7CBA0003938F /* HomeViewController.swift in Sources */,
				BD5C32531DDF974B007F7A92 /* KeySignatureViewController.swift in Sources */,
				BD8F24711DDB9BE800BE94E9 /* InstructionsViewController.swift in Sources */,
				BD5C32551DDFD4ED007F7A92 /* Constants.swift in Sources */,
			);
			runOnlyForDeploymentPostprocessing = 0;
		};
/* End PBXSourcesBuildPhase section */

/* Begin PBXVariantGroup section */
		BDA6721A1DDA6F740003938F /* Main.storyboard */ = {
			isa = PBXVariantGroup;
			children = (
				BDA6721B1DDA6F740003938F /* Base */,
			);
			name = Main.storyboard;
			sourceTree = "<group>";
		};
		BDA672221DDA6F740003938F /* LaunchScreen.storyboard */ = {
			isa = PBXVariantGroup;
			children = (
				BDA672231DDA6F740003938F /* Base */,
			);
			name = LaunchScreen.storyboard;
			sourceTree = "<group>";
		};
/* End PBXVariantGroup section */

/* Begin XCBuildConfiguration section */
		BDA672261DDA6F740003938F /* Debug */ = {
			isa = XCBuildConfiguration;
			buildSettings = {
				ALWAYS_SEARCH_USER_PATHS = NO;
				CLANG_ANALYZER_NONNULL = YES;
				CLANG_CXX_LANGUAGE_STANDARD = "gnu++0x";
				CLANG_CXX_LIBRARY = "libc++";
				CLANG_ENABLE_MODULES = YES;
				CLANG_ENABLE_OBJC_ARC = YES;
				CLANG_WARN_BOOL_CONVERSION = YES;
				CLANG_WARN_CONSTANT_CONVERSION = YES;
				CLANG_WARN_DIRECT_OBJC_ISA_USAGE = YES_ERROR;
				CLANG_WARN_EMPTY_BODY = YES;
				CLANG_WARN_ENUM_CONVERSION = YES;
				CLANG_WARN_INT_CONVERSION = YES;
				CLANG_WARN_OBJC_ROOT_CLASS = YES_ERROR;
				CLANG_WARN_UNREACHABLE_CODE = YES;
				CLANG_WARN__DUPLICATE_METHOD_MATCH = YES;
				"CODE_SIGN_IDENTITY[sdk=iphoneos*]" = "iPhone Developer";
				COPY_PHASE_STRIP = NO;
				DEBUG_INFORMATION_FORMAT = dwarf;
				ENABLE_STRICT_OBJC_MSGSEND = YES;
				ENABLE_TESTABILITY = YES;
				GCC_C_LANGUAGE_STANDARD = gnu99;
				GCC_DYNAMIC_NO_PIC = NO;
				GCC_NO_COMMON_BLOCKS = YES;
				GCC_OPTIMIZATION_LEVEL = 0;
				GCC_PREPROCESSOR_DEFINITIONS = (
					"DEBUG=1",
					"$(inherited)",
				);
				GCC_WARN_64_TO_32_BIT_CONVERSION = YES;
				GCC_WARN_ABOUT_RETURN_TYPE = YES_ERROR;
				GCC_WARN_UNDECLARED_SELECTOR = YES;
				GCC_WARN_UNINITIALIZED_AUTOS = YES_AGGRESSIVE;
				GCC_WARN_UNUSED_FUNCTION = YES;
				GCC_WARN_UNUSED_VARIABLE = YES;
				IPHONEOS_DEPLOYMENT_TARGET = 9.3;
				MTL_ENABLE_DEBUG_INFO = YES;
				ONLY_ACTIVE_ARCH = YES;
				SDKROOT = iphoneos;
				SWIFT_OPTIMIZATION_LEVEL = "-Onone";
			};
			name = Debug;
		};
		BDA672271DDA6F740003938F /* Release */ = {
			isa = XCBuildConfiguration;
			buildSettings = {
				ALWAYS_SEARCH_USER_PATHS = NO;
				CLANG_ANALYZER_NONNULL = YES;
				CLANG_CXX_LANGUAGE_STANDARD = "gnu++0x";
				CLANG_CXX_LIBRARY = "libc++";
				CLANG_ENABLE_MODULES = YES;
				CLANG_ENABLE_OBJC_ARC = YES;
				CLANG_WARN_BOOL_CONVERSION = YES;
				CLANG_WARN_CONSTANT_CONVERSION = YES;
				CLANG_WARN_DIRECT_OBJC_ISA_USAGE = YES_ERROR;
				CLANG_WARN_EMPTY_BODY = YES;
				CLANG_WARN_ENUM_CONVERSION = YES;
				CLANG_WARN_INT_CONVERSION = YES;
				CLANG_WARN_OBJC_ROOT_CLASS = YES_ERROR;
				CLANG_WARN_UNREACHABLE_CODE = YES;
				CLANG_WARN__DUPLICATE_METHOD_MATCH = YES;
				"CODE_SIGN_IDENTITY[sdk=iphoneos*]" = "iPhone Developer";
				COPY_PHASE_STRIP = NO;
				DEBUG_INFORMATION_FORMAT = "dwarf-with-dsym";
				ENABLE_NS_ASSERTIONS = NO;
				ENABLE_STRICT_OBJC_MSGSEND = YES;
				GCC_C_LANGUAGE_STANDARD = gnu99;
				GCC_NO_COMMON_BLOCKS = YES;
				GCC_WARN_64_TO_32_BIT_CONVERSION = YES;
				GCC_WARN_ABOUT_RETURN_TYPE = YES_ERROR;
				GCC_WARN_UNDECLARED_SELECTOR = YES;
				GCC_WARN_UNINITIALIZED_AUTOS = YES_AGGRESSIVE;
				GCC_WARN_UNUSED_FUNCTION = YES;
				GCC_WARN_UNUSED_VARIABLE = YES;
				IPHONEOS_DEPLOYMENT_TARGET = 9.3;
				MTL_ENABLE_DEBUG_INFO = NO;
				SDKROOT = iphoneos;
				VALIDATE_PRODUCT = YES;
			};
			name = Release;
		};
		BDA672291DDA6F740003938F /* Debug */ = {
			isa = XCBuildConfiguration;
			buildSettings = {
				ASSETCATALOG_COMPILER_APPICON_NAME = AppIcon;
				DEVELOPMENT_TEAM = VWRC5P7XXF;
				INFOPLIST_FILE = Allegro/Info.plist;
				LD_RUNPATH_SEARCH_PATHS = "$(inherited) @executable_path/Frameworks";
				PRODUCT_BUNDLE_IDENTIFIER = edu.stanford.cs193p.abearman.Allegro;
				PRODUCT_NAME = "$(TARGET_NAME)";
				SWIFT_VERSION = 3.0;
			};
			name = Debug;
		};
		BDA6722A1DDA6F740003938F /* Release */ = {
			isa = XCBuildConfiguration;
			buildSettings = {
				ASSETCATALOG_COMPILER_APPICON_NAME = AppIcon;
				DEVELOPMENT_TEAM = VWRC5P7XXF;
				INFOPLIST_FILE = Allegro/Info.plist;
				LD_RUNPATH_SEARCH_PATHS = "$(inherited) @executable_path/Frameworks";
				PRODUCT_BUNDLE_IDENTIFIER = edu.stanford.cs193p.abearman.Allegro;
				PRODUCT_NAME = "$(TARGET_NAME)";
				SWIFT_VERSION = 3.0;
			};
			name = Release;
		};
/* End XCBuildConfiguration section */

/* Begin XCConfigurationList section */
		BDA6720E1DDA6F740003938F /* Build configuration list for PBXProject "Allegro" */ = {
			isa = XCConfigurationList;
			buildConfigurations = (
				BDA672261DDA6F740003938F /* Debug */,
				BDA672271DDA6F740003938F /* Release */,
			);
			defaultConfigurationIsVisible = 0;
			defaultConfigurationName = Release;
		};
		BDA672281DDA6F740003938F /* Build configuration list for PBXNativeTarget "Allegro" */ = {
			isa = XCConfigurationList;
			buildConfigurations = (
				BDA672291DDA6F740003938F /* Debug */,
				BDA6722A1DDA6F740003938F /* Release */,
			);
			defaultConfigurationIsVisible = 0;
			defaultConfigurationName = Release;
		};
/* End XCConfigurationList section */

/* Begin XCVersionGroup section */
		BDA6721D1DDA6F740003938F /* Allegro.xcdatamodeld */ = {
			isa = XCVersionGroup;
			children = (
				BDA6721E1DDA6F740003938F /* Allegro.xcdatamodel */,
			);
			currentVersion = BDA6721E1DDA6F740003938F /* Allegro.xcdatamodel */;
			path = Allegro.xcdatamodeld;
			sourceTree = "<group>";
			versionGroupType = wrapper.xcdatamodel;
		};
/* End XCVersionGroup section */
	};
	rootObject = BDA6720B1DDA6F740003938F /* Project object */;
}
